
Microsoft Visual Studio Solution File, Format Version 12.00
# Visual Studio Version 17
VisualStudioVersion = 17.5.002.0
MinimumVisualStudioVersion = 10.0.40219.1
Project("{9A19103F-16F7-4668-BE54-9A1E7A4F7556}") = "Atvidade", "Atvidade.csproj", "{412DF6AE-EC32-46A0-96A9-3D7CA61F1B2B}"
EndProject
Global
	GlobalSection(SolutionConfigurationPlatforms) = preSolution
		Debug|Any CPU = Debug|Any CPU
		Release|Any CPU = Release|Any CPU
	EndGlobalSection
	GlobalSection(ProjectConfigurationPlatforms) = postSolution
		{412DF6AE-EC32-46A0-96A9-3D7CA61F1B2B}.Debug|Any CPU.ActiveCfg = Debug|Any CPU
		{412DF6AE-EC32-46A0-96A9-3D7CA61F1B2B}.Debug|Any CPU.Build.0 = Debug|Any CPU
		{412DF6AE-EC32-46A0-96A9-3D7CA61F1B2B}.Release|Any CPU.ActiveCfg = Release|Any CPU
		{412DF6AE-EC32-46A0-96A9-3D7CA61F1B2B}.Release|Any CPU.Build.0 = Release|Any CPU
	EndGlobalSection
	GlobalSection(SolutionProperties) = preSolution
		HideSolutionNode = FALSE
	EndGlobalSection
	GlobalSection(ExtensibilityGlobals) = postSolution
		SolutionGuid = {508E7ABD-EF63-4186-B4B0-895E40013B9B}
	EndGlobalSection
EndGlobal
